
Microsoft Visual Studio Solution File, Format Version 12.00
# Visual Studio 15
VisualStudioVersion = 15.0.28307.136
MinimumVisualStudioVersion = 10.0.40219.1
Project("{FAE04EC0-301F-11D3-BF4B-00C04F79EFBC}") = "WPFHomeWork", "WPFHomeWork\WPFHomeWork.csproj", "{9840F57B-6813-4446-A187-82F9546DDAEB}"
EndProject
Global
	GlobalSection(SolutionConfigurationPlatforms) = preSolution
		Debug|Any CPU = Debug|Any CPU
		Release|Any CPU = Release|Any CPU
	EndGlobalSection
	GlobalSection(ProjectConfigurationPlatforms) = postSolution
		{9840F57B-6813-4446-A187-82F9546DDAEB}.Debug|Any CPU.ActiveCfg = Debug|Any CPU
		{9840F57B-6813-4446-A187-82F9546DDAEB}.Debug|Any CPU.Build.0 = Debug|Any CPU
		{9840F57B-6813-4446-A187-82F9546DDAEB}.Release|Any CPU.ActiveCfg = Release|Any CPU
		{9840F57B-6813-4446-A187-82F9546DDAEB}.Release|Any CPU.Build.0 = Release|Any CPU
	EndGlobalSection
	GlobalSection(SolutionProperties) = preSolution
		HideSolutionNode = FALSE
	EndGlobalSection
	GlobalSection(ExtensibilityGlobals) = postSolution
		SolutionGuid = {987240BC-1DC5-4489-9375-17D6E79CB4A3}
	EndGlobalSection
EndGlobal
